// !$*UTF8*$!
{
	archiveVersion = 1;
	classes = {
	};
	objectVersion = 46;
	objects = {

/* Begin PBXBuildFile section */
		B65F0C13198CF7ED004EDE99 /* AppDelegate.swift in Sources */ = {isa = PBXBuildFile; fileRef = B65F0C12198CF7ED004EDE99 /* AppDelegate.swift */; };
		B65F0C1A198CF7ED004EDE99 /* Images.xcassets in Resources */ = {isa = PBXBuildFile; fileRef = B65F0C19198CF7ED004EDE99 /* Images.xcassets */; };
		B65F0C26198CF7ED004EDE99 /* SmartLayoutSwiftTests.swift in Sources */ = {isa = PBXBuildFile; fileRef = B65F0C25198CF7ED004EDE99 /* SmartLayoutSwiftTests.swift */; };
		B68D1060198CF9070039DFDD /* SmartSize.swift in Sources */ = {isa = PBXBuildFile; fileRef = B68D105A198CF9070039DFDD /* SmartSize.swift */; };
		B68D1061198CF9070039DFDD /* UIBackgroundImageView.swift in Sources */ = {isa = PBXBuildFile; fileRef = B68D105B198CF9070039DFDD /* UIBackgroundImageView.swift */; };
		B68D1062198CF9070039DFDD /* UIAbsolutView.swift in Sources */ = {isa = PBXBuildFile; fileRef = B68D105C198CF9070039DFDD /* UIAbsolutView.swift */; };
		B68D1063198CF9070039DFDD /* AbstractLayoutView.swift in Sources */ = {isa = PBXBuildFile; fileRef = B68D105D198CF9070039DFDD /* AbstractLayoutView.swift */; };
		B68D1064198CF9070039DFDD /* UIHView.swift in Sources */ = {isa = PBXBuildFile; fileRef = B68D105E198CF9070039DFDD /* UIHView.swift */; };
		B68D1065198CF9070039DFDD /* UIVView.swift in Sources */ = {isa = PBXBuildFile; fileRef = B68D105F198CF9070039DFDD /* UIVView.swift */; };
		B68D106B198CFE0C0039DFDD /* UIHViewDemoView.swift in Sources */ = {isa = PBXBuildFile; fileRef = B68D106A198CFE0C0039DFDD /* UIHViewDemoView.swift */; };
		B68D106D198CFFAE0039DFDD /* UIVViewDemoView.swift in Sources */ = {isa = PBXBuildFile; fileRef = B68D106C198CFFAE0039DFDD /* UIVViewDemoView.swift */; };
		B68D106F198CFFD60039DFDD /* UIAbsolutViewDemoView.swift in Sources */ = {isa = PBXBuildFile; fileRef = B68D106E198CFFD60039DFDD /* UIAbsolutViewDemoView.swift */; };
		B68D1071198D01020039DFDD /* UIAbsolutViewDemoViewController.swift in Sources */ = {isa = PBXBuildFile; fileRef = B68D1070198D01020039DFDD /* UIAbsolutViewDemoViewController.swift */; };
		B68D1073198D015F0039DFDD /* UIVViewDemoViewController.swift in Sources */ = {isa = PBXBuildFile; fileRef = B68D1072198D015F0039DFDD /* UIVViewDemoViewController.swift */; };
		B68D1075198D01800039DFDD /* UIHViewDemoViewController.swift in Sources */ = {isa = PBXBuildFile; fileRef = B68D1074198D01800039DFDD /* UIHViewDemoViewController.swift */; };
		B68D107B198D02F00039DFDD /* background.png in Resources */ = {isa = PBXBuildFile; fileRef = B68D1076198D02F00039DFDD /* background.png */; };
		B68D107C198D02F00039DFDD /* background@2x.png in Resources */ = {isa = PBXBuildFile; fileRef = B68D1077198D02F00039DFDD /* background@2x.png */; };
		B68D107D198D02F00039DFDD /* Default.png in Resources */ = {isa = PBXBuildFile; fileRef = B68D1078198D02F00039DFDD /* Default.png */; };
		B68D107E198D02F00039DFDD /* Default@2x.png in Resources */ = {isa = PBXBuildFile; fileRef = B68D1079198D02F00039DFDD /* Default@2x.png */; };
		B68D107F198D02F00039DFDD /* Default-568h@2x.png in Resources */ = {isa = PBXBuildFile; fileRef = B68D107A198D02F00039DFDD /* Default-568h@2x.png */; };
/* End PBXBuildFile section */

/* Begin PBXContainerItemProxy section */
		B65F0C20198CF7ED004EDE99 /* PBXContainerItemProxy */ = {
			isa = PBXContainerItemProxy;
			containerPortal = B65F0C05198CF7ED004EDE99 /* Project object */;
			proxyType = 1;
			remoteGlobalIDString = B65F0C0C198CF7ED004EDE99;
			remoteInfo = SmartLayoutSwift;
		};
/* End PBXContainerItemProxy section */

/* Begin PBXFileReference section */
		B65F0C0D198CF7ED004EDE99 /* SmartLayoutSwift.app */ = {isa = PBXFileReference; explicitFileType = wrapper.application; includeInIndex = 0; path = SmartLayoutSwift.app; sourceTree = BUILT_PRODUCTS_DIR; };
		B65F0C11198CF7ED004EDE99 /* Info.plist */ = {isa = PBXFileReference; lastKnownFileType = text.plist.xml; path = Info.plist; sourceTree = "<group>"; };
		B65F0C12198CF7ED004EDE99 /* AppDelegate.swift */ = {isa = PBXFileReference; lastKnownFileType = sourcecode.swift; path = AppDelegate.swift; sourceTree = "<group>"; };
		B65F0C19198CF7ED004EDE99 /* Images.xcassets */ = {isa = PBXFileReference; lastKnownFileType = folder.assetcatalog; path = Images.xcassets; sourceTree = "<group>"; };
		B65F0C1F198CF7ED004EDE99 /* SmartLayoutSwiftTests.xctest */ = {isa = PBXFileReference; explicitFileType = wrapper.cfbundle; includeInIndex = 0; path = SmartLayoutSwiftTests.xctest; sourceTree = BUILT_PRODUCTS_DIR; };
		B65F0C24198CF7ED004EDE99 /* Info.plist */ = {isa = PBXFileReference; lastKnownFileType = text.plist.xml; path = Info.plist; sourceTree = "<group>"; };
		B65F0C25198CF7ED004EDE99 /* SmartLayoutSwiftTests.swift */ = {isa = PBXFileReference; lastKnownFileType = sourcecode.swift; path = SmartLayoutSwiftTests.swift; sourceTree = "<group>"; };
		B68D105A198CF9070039DFDD /* SmartSize.swift */ = {isa = PBXFileReference; fileEncoding = 4; lastKnownFileType = sourcecode.swift; path = SmartSize.swift; sourceTree = "<group>"; };
		B68D105B198CF9070039DFDD /* UIBackgroundImageView.swift */ = {isa = PBXFileReference; fileEncoding = 4; lastKnownFileType = sourcecode.swift; path = UIBackgroundImageView.swift; sourceTree = "<group>"; };
		B68D105C198CF9070039DFDD /* UIAbsolutView.swift */ = {isa = PBXFileReference; fileEncoding = 4; lastKnownFileType = sourcecode.swift; path = UIAbsolutView.swift; sourceTree = "<group>"; };
		B68D105D198CF9070039DFDD /* AbstractLayoutView.swift */ = {isa = PBXFileReference; fileEncoding = 4; lastKnownFileType = sourcecode.swift; path = AbstractLayoutView.swift; sourceTree = "<group>"; };
		B68D105E198CF9070039DFDD /* UIHView.swift */ = {isa = PBXFileReference; fileEncoding = 4; lastKnownFileType = sourcecode.swift; path = UIHView.swift; sourceTree = "<group>"; };
		B68D105F198CF9070039DFDD /* UIVView.swift */ = {isa = PBXFileReference; fileEncoding = 4; lastKnownFileType = sourcecode.swift; path = UIVView.swift; sourceTree = "<group>"; };
		B68D106A198CFE0C0039DFDD /* UIHViewDemoView.swift */ = {isa = PBXFileReference; fileEncoding = 4; lastKnownFileType = sourcecode.swift; path = UIHViewDemoView.swift; sourceTree = "<group>"; };
		B68D106C198CFFAE0039DFDD /* UIVViewDemoView.swift */ = {isa = PBXFileReference; fileEncoding = 4; lastKnownFileType = sourcecode.swift; path = UIVViewDemoView.swift; sourceTree = "<group>"; };
		B68D106E198CFFD60039DFDD /* UIAbsolutViewDemoView.swift */ = {isa = PBXFileReference; fileEncoding = 4; lastKnownFileType = sourcecode.swift; path = UIAbsolutViewDemoView.swift; sourceTree = "<group>"; };
		B68D1070198D01020039DFDD /* UIAbsolutViewDemoViewController.swift */ = {isa = PBXFileReference; fileEncoding = 4; lastKnownFileType = sourcecode.swift; path = UIAbsolutViewDemoViewController.swift; sourceTree = "<group>"; };
		B68D1072198D015F0039DFDD /* UIVViewDemoViewController.swift */ = {isa = PBXFileReference; fileEncoding = 4; lastKnownFileType = sourcecode.swift; path = UIVViewDemoViewController.swift; sourceTree = "<group>"; };
		B68D1074198D01800039DFDD /* UIHViewDemoViewController.swift */ = {isa = PBXFileReference; fileEncoding = 4; lastKnownFileType = sourcecode.swift; path = UIHViewDemoViewController.swift; sourceTree = "<group>"; };
		B68D1076198D02F00039DFDD /* background.png */ = {isa = PBXFileReference; lastKnownFileType = image.png; path = background.png; sourceTree = "<group>"; };
		B68D1077198D02F00039DFDD /* background@2x.png */ = {isa = PBXFileReference; lastKnownFileType = image.png; path = "background@2x.png"; sourceTree = "<group>"; };
		B68D1078198D02F00039DFDD /* Default.png */ = {isa = PBXFileReference; lastKnownFileType = image.png; path = Default.png; sourceTree = "<group>"; };
		B68D1079198D02F00039DFDD /* Default@2x.png */ = {isa = PBXFileReference; lastKnownFileType = image.png; path = "Default@2x.png"; sourceTree = "<group>"; };
		B68D107A198D02F00039DFDD /* Default-568h@2x.png */ = {isa = PBXFileReference; lastKnownFileType = image.png; path = "Default-568h@2x.png"; sourceTree = "<group>"; };
/* End PBXFileReference section */

/* Begin PBXFrameworksBuildPhase section */
		B65F0C0A198CF7ED004EDE99 /* Frameworks */ = {
			isa = PBXFrameworksBuildPhase;
			buildActionMask = 2147483647;
			files = (
			);
			runOnlyForDeploymentPostprocessing = 0;
		};
		B65F0C1C198CF7ED004EDE99 /* Frameworks */ = {
			isa = PBXFrameworksBuildPhase;
			buildActionMask = 2147483647;
			files = (
			);
			runOnlyForDeploymentPostprocessing = 0;
		};
/* End PBXFrameworksBuildPhase section */

/* Begin PBXGroup section */
		B65F0C04198CF7ED004EDE99 = {
			isa = PBXGroup;
			children = (
				B65F0C0F198CF7ED004EDE99 /* SmartLayoutSwift */,
				B65F0C22198CF7ED004EDE99 /* SmartLayoutSwiftTests */,
				B65F0C0E198CF7ED004EDE99 /* Products */,
			);
			sourceTree = "<group>";
		};
		B65F0C0E198CF7ED004EDE99 /* Products */ = {
			isa = PBXGroup;
			children = (
				B65F0C0D198CF7ED004EDE99 /* SmartLayoutSwift.app */,
				B65F0C1F198CF7ED004EDE99 /* SmartLayoutSwiftTests.xctest */,
			);
			name = Products;
			sourceTree = "<group>";
		};
		B65F0C0F198CF7ED004EDE99 /* SmartLayoutSwift */ = {
			isa = PBXGroup;
			children = (
				B68D1066198CFC2B0039DFDD /* demo */,
				B65F0C2F198CF820004EDE99 /* smartlayout */,
				B65F0C12198CF7ED004EDE99 /* AppDelegate.swift */,
				B65F0C19198CF7ED004EDE99 /* Images.xcassets */,
				B65F0C10198CF7ED004EDE99 /* Supporting Files */,
			);
			path = SmartLayoutSwift;
			sourceTree = "<group>";
		};
		B65F0C10198CF7ED004EDE99 /* Supporting Files */ = {
			isa = PBXGroup;
			children = (
				B68D1076198D02F00039DFDD /* background.png */,
				B68D1077198D02F00039DFDD /* background@2x.png */,
				B68D1078198D02F00039DFDD /* Default.png */,
				B68D1079198D02F00039DFDD /* Default@2x.png */,
				B68D107A198D02F00039DFDD /* Default-568h@2x.png */,
				B65F0C11198CF7ED004EDE99 /* Info.plist */,
			);
			name = "Supporting Files";
			sourceTree = "<group>";
		};
		B65F0C22198CF7ED004EDE99 /* SmartLayoutSwiftTests */ = {
			isa = PBXGroup;
			children = (
				B65F0C25198CF7ED004EDE99 /* SmartLayoutSwiftTests.swift */,
				B65F0C23198CF7ED004EDE99 /* Supporting Files */,
			);
			path = SmartLayoutSwiftTests;
			sourceTree = "<group>";
		};
		B65F0C23198CF7ED004EDE99 /* Supporting Files */ = {
			isa = PBXGroup;
			children = (
				B65F0C24198CF7ED004EDE99 /* Info.plist */,
			);
			name = "Supporting Files";
			sourceTree = "<group>";
		};
		B65F0C2F198CF820004EDE99 /* smartlayout */ = {
			isa = PBXGroup;
			children = (
				B68D105A198CF9070039DFDD /* SmartSize.swift */,
				B68D105B198CF9070039DFDD /* UIBackgroundImageView.swift */,
				B68D105C198CF9070039DFDD /* UIAbsolutView.swift */,
				B68D105D198CF9070039DFDD /* AbstractLayoutView.swift */,
				B68D105E198CF9070039DFDD /* UIHView.swift */,
				B68D105F198CF9070039DFDD /* UIVView.swift */,
			);
			name = smartlayout;
			sourceTree = "<group>";
		};
		B68D1066198CFC2B0039DFDD /* demo */ = {
			isa = PBXGroup;
			children = (
				B68D1069198CFDCF0039DFDD /* UIHViewDemo */,
				B68D1068198CFDC30039DFDD /* UIVViewDemo */,
				B68D1067198CFDB70039DFDD /* UIAbsolutViewDemo */,
			);
			name = demo;
			sourceTree = "<group>";
		};
		B68D1067198CFDB70039DFDD /* UIAbsolutViewDemo */ = {
			isa = PBXGroup;
			children = (
				B68D1070198D01020039DFDD /* UIAbsolutViewDemoViewController.swift */,
				B68D106E198CFFD60039DFDD /* UIAbsolutViewDemoView.swift */,
			);
			name = UIAbsolutViewDemo;
			sourceTree = "<group>";
		};
		B68D1068198CFDC30039DFDD /* UIVViewDemo */ = {
			isa = PBXGroup;
			children = (
				B68D106C198CFFAE0039DFDD /* UIVViewDemoView.swift */,
				B68D1072198D015F0039DFDD /* UIVViewDemoViewController.swift */,
			);
			name = UIVViewDemo;
			sourceTree = "<group>";
		};
		B68D1069198CFDCF0039DFDD /* UIHViewDemo */ = {
			isa = PBXGroup;
			children = (
				B68D106A198CFE0C0039DFDD /* UIHViewDemoView.swift */,
				B68D1074198D01800039DFDD /* UIHViewDemoViewController.swift */,
			);
			name = UIHViewDemo;
			sourceTree = "<group>";
		};
/* End PBXGroup section */

/* Begin PBXNativeTarget section */
		B65F0C0C198CF7ED004EDE99 /* SmartLayoutSwift */ = {
			isa = PBXNativeTarget;
			buildConfigurationList = B65F0C29198CF7ED004EDE99 /* Build configuration list for PBXNativeTarget "SmartLayoutSwift" */;
			buildPhases = (
				B65F0C09198CF7ED004EDE99 /* Sources */,
				B65F0C0A198CF7ED004EDE99 /* Frameworks */,
				B65F0C0B198CF7ED004EDE99 /* Resources */,
			);
			buildRules = (
			);
			dependencies = (
			);
			name = SmartLayoutSwift;
			productName = SmartLayoutSwift;
			productReference = B65F0C0D198CF7ED004EDE99 /* SmartLayoutSwift.app */;
			productType = "com.apple.product-type.application";
		};
		B65F0C1E198CF7ED004EDE99 /* SmartLayoutSwiftTests */ = {
			isa = PBXNativeTarget;
			buildConfigurationList = B65F0C2C198CF7ED004EDE99 /* Build configuration list for PBXNativeTarget "SmartLayoutSwiftTests" */;
			buildPhases = (
				B65F0C1B198CF7ED004EDE99 /* Sources */,
				B65F0C1C198CF7ED004EDE99 /* Frameworks */,
				B65F0C1D198CF7ED004EDE99 /* Resources */,
			);
			buildRules = (
			);
			dependencies = (
				B65F0C21198CF7ED004EDE99 /* PBXTargetDependency */,
			);
			name = SmartLayoutSwiftTests;
			productName = SmartLayoutSwiftTests;
			productReference = B65F0C1F198CF7ED004EDE99 /* SmartLayoutSwiftTests.xctest */;
			productType = "com.apple.product-type.bundle.unit-test";
		};
/* End PBXNativeTarget section */

/* Begin PBXProject section */
		B65F0C05198CF7ED004EDE99 /* Project object */ = {
			isa = PBXProject;
			attributes = {
				LastUpgradeCheck = 0600;
				ORGANIZATIONNAME = smartfrog;
				TargetAttributes = {
					B65F0C0C198CF7ED004EDE99 = {
						CreatedOnToolsVersion = 6.0;
					};
					B65F0C1E198CF7ED004EDE99 = {
						CreatedOnToolsVersion = 6.0;
						TestTargetID = B65F0C0C198CF7ED004EDE99;
					};
				};
			};
			buildConfigurationList = B65F0C08198CF7ED004EDE99 /* Build configuration list for PBXProject "SmartLayoutSwift" */;
			compatibilityVersion = "Xcode 3.2";
			developmentRegion = English;
			hasScannedForEncodings = 0;
			knownRegions = (
				en,
				Base,
			);
			mainGroup = B65F0C04198CF7ED004EDE99;
			productRefGroup = B65F0C0E198CF7ED004EDE99 /* Products */;
			projectDirPath = "";
			projectRoot = "";
			targets = (
				B65F0C0C198CF7ED004EDE99 /* SmartLayoutSwift */,
				B65F0C1E198CF7ED004EDE99 /* SmartLayoutSwiftTests */,
			);
		};
/* End PBXProject section */

/* Begin PBXResourcesBuildPhase section */
		B65F0C0B198CF7ED004EDE99 /* Resources */ = {
			isa = PBXResourcesBuildPhase;
			buildActionMask = 2147483647;
			files = (
				B65F0C1A198CF7ED004EDE99 /* Images.xcassets in Resources */,
				B68D107C198D02F00039DFDD /* background@2x.png in Resources */,
				B68D107E198D02F00039DFDD /* Default@2x.png in Resources */,
				B68D107B198D02F00039DFDD /* background.png in Resources */,
				B68D107D198D02F00039DFDD /* Default.png in Resources */,
				B68D107F198D02F00039DFDD /* Default-568h@2x.png in Resources */,
			);
			runOnlyForDeploymentPostprocessing = 0;
		};
		B65F0C1D198CF7ED004EDE99 /* Resources */ = {
			isa = PBXResourcesBuildPhase;
			buildActionMask = 2147483647;
			files = (
			);
			runOnlyForDeploymentPostprocessing = 0;
		};
/* End PBXResourcesBuildPhase section */

/* Begin PBXSourcesBuildPhase section */
		B65F0C09198CF7ED004EDE99 /* Sources */ = {
			isa = PBXSourcesBuildPhase;
			buildActionMask = 2147483647;
			files = (
				B68D1063198CF9070039DFDD /* AbstractLayoutView.swift in Sources */,
				B68D106F198CFFD60039DFDD /* UIAbsolutViewDemoView.swift in Sources */,
				B68D106B198CFE0C0039DFDD /* UIHViewDemoView.swift in Sources */,
				B68D1071198D01020039DFDD /* UIAbsolutViewDemoViewController.swift in Sources */,
				B68D106D198CFFAE0039DFDD /* UIVViewDemoView.swift in Sources */,
				B68D1060198CF9070039DFDD /* SmartSize.swift in Sources */,
				B68D1061198CF9070039DFDD /* UIBackgroundImageView.swift in Sources */,
				B68D1062198CF9070039DFDD /* UIAbsolutView.swift in Sources */,
				B65F0C13198CF7ED004EDE99 /* AppDelegate.swift in Sources */,
				B68D1064198CF9070039DFDD /* UIHView.swift in Sources */,
				B68D1073198D015F0039DFDD /* UIVViewDemoViewController.swift in Sources */,
				B68D1065198CF9070039DFDD /* UIVView.swift in Sources */,
				B68D1075198D01800039DFDD /* UIHViewDemoViewController.swift in Sources */,
			);
			runOnlyForDeploymentPostprocessing = 0;
		};
		B65F0C1B198CF7ED004EDE99 /* Sources */ = {
			isa = PBXSourcesBuildPhase;
			buildActionMask = 2147483647;
			files = (
				B65F0C26198CF7ED004EDE99 /* SmartLayoutSwiftTests.swift in Sources */,
			);
			runOnlyForDeploymentPostprocessing = 0;
		};
/* End PBXSourcesBuildPhase section */

/* Begin PBXTargetDependency section */
		B65F0C21198CF7ED004EDE99 /* PBXTargetDependency */ = {
			isa = PBXTargetDependency;
			target = B65F0C0C198CF7ED004EDE99 /* SmartLayoutSwift */;
			targetProxy = B65F0C20198CF7ED004EDE99 /* PBXContainerItemProxy */;
		};
/* End PBXTargetDependency section */

/* Begin XCBuildConfiguration section */
		B65F0C27198CF7ED004EDE99 /* Debug */ = {
			isa = XCBuildConfiguration;
			buildSettings = {
				ALWAYS_SEARCH_USER_PATHS = NO;
				CLANG_CXX_LANGUAGE_STANDARD = "gnu++0x";
				CLANG_CXX_LIBRARY = "libc++";
				CLANG_ENABLE_MODULES = YES;
				CLANG_ENABLE_OBJC_ARC = YES;
				CLANG_WARN_BOOL_CONVERSION = YES;
				CLANG_WARN_CONSTANT_CONVERSION = YES;
				CLANG_WARN_DIRECT_OBJC_ISA_USAGE = YES_ERROR;
				CLANG_WARN_EMPTY_BODY = YES;
				CLANG_WARN_ENUM_CONVERSION = YES;
				CLANG_WARN_INT_CONVERSION = YES;
				CLANG_WARN_OBJC_ROOT_CLASS = YES_ERROR;
				CLANG_WARN_UNREACHABLE_CODE = YES;
				CLANG_WARN__DUPLICATE_METHOD_MATCH = YES;
				"CODE_SIGN_IDENTITY[sdk=iphoneos*]" = "iPhone Developer";
				COPY_PHASE_STRIP = NO;
				ENABLE_STRICT_OBJC_MSGSEND = YES;
				GCC_C_LANGUAGE_STANDARD = gnu99;
				GCC_DYNAMIC_NO_PIC = NO;
				GCC_OPTIMIZATION_LEVEL = 0;
				GCC_PREPROCESSOR_DEFINITIONS = (
					"DEBUG=1",
					"$(inherited)",
				);
				GCC_SYMBOLS_PRIVATE_EXTERN = NO;
				GCC_WARN_64_TO_32_BIT_CONVERSION = YES;
				GCC_WARN_ABOUT_RETURN_TYPE = YES_ERROR;
				GCC_WARN_UNDECLARED_SELECTOR = YES;
				GCC_WARN_UNINITIALIZED_AUTOS = YES_AGGRESSIVE;
				GCC_WARN_UNUSED_FUNCTION = YES;
				GCC_WARN_UNUSED_VARIABLE = YES;
				IPHONEOS_DEPLOYMENT_TARGET = 8.0;
				MTL_ENABLE_DEBUG_INFO = YES;
				ONLY_ACTIVE_ARCH = YES;
				SDKROOT = iphoneos;
				SWIFT_OPTIMIZATION_LEVEL = "-Onone";
				TARGETED_DEVICE_FAMILY = 2;
			};
			name = Debug;
		};
		B65F0C28198CF7ED004EDE99 /* Release */ = {
			isa = XCBuildConfiguration;
			buildSettings = {
				ALWAYS_SEARCH_USER_PATHS = NO;
				CLANG_CXX_LANGUAGE_STANDARD = "gnu++0x";
				CLANG_CXX_LIBRARY = "libc++";
				CLANG_ENABLE_MODULES = YES;
				CLANG_ENABLE_OBJC_ARC = YES;
				CLANG_WARN_BOOL_CONVERSION = YES;
				CLANG_WARN_CONSTANT_CONVERSION = YES;
				CLANG_WARN_DIRECT_OBJC_ISA_USAGE = YES_ERROR;
				CLANG_WARN_EMPTY_BODY = YES;
				CLANG_WARN_ENUM_CONVERSION = YES;
				CLANG_WARN_INT_CONVERSION = YES;
				CLANG_WARN_OBJC_ROOT_CLASS = YES_ERROR;
				CLANG_WARN_UNREACHABLE_CODE = YES;
				CLANG_WARN__DUPLICATE_METHOD_MATCH = YES;
				"CODE_SIGN_IDENTITY[sdk=iphoneos*]" = "iPhone Developer";
				COPY_PHASE_STRIP = YES;
				ENABLE_NS_ASSERTIONS = NO;
				ENABLE_STRICT_OBJC_MSGSEND = YES;
				GCC_C_LANGUAGE_STANDARD = gnu99;
				GCC_WARN_64_TO_32_BIT_CONVERSION = YES;
				GCC_WARN_ABOUT_RETURN_TYPE = YES_ERROR;
				GCC_WARN_UNDECLARED_SELECTOR = YES;
				GCC_WARN_UNINITIALIZED_AUTOS = YES_AGGRESSIVE;
				GCC_WARN_UNUSED_FUNCTION = YES;
				GCC_WARN_UNUSED_VARIABLE = YES;
				IPHONEOS_DEPLOYMENT_TARGET = 8.0;
				MTL_ENABLE_DEBUG_INFO = NO;
				SDKROOT = iphoneos;
				TARGETED_DEVICE_FAMILY = 2;
				VALIDATE_PRODUCT = YES;
			};
			name = Release;
		};
		B65F0C2A198CF7ED004EDE99 /* Debug */ = {
			isa = XCBuildConfiguration;
			buildSettings = {
				ASSETCATALOG_COMPILER_APPICON_NAME = AppIcon;
				ASSETCATALOG_COMPILER_LAUNCHIMAGE_NAME = LaunchImage;
				INFOPLIST_FILE = SmartLayoutSwift/Info.plist;
				LD_RUNPATH_SEARCH_PATHS = "$(inherited) @executable_path/Frameworks";
				PRODUCT_NAME = "$(TARGET_NAME)";
			};
			name = Debug;
		};
		B65F0C2B198CF7ED004EDE99 /* Release */ = {
			isa = XCBuildConfiguration;
			buildSettings = {
				ASSETCATALOG_COMPILER_APPICON_NAME = AppIcon;
				ASSETCATALOG_COMPILER_LAUNCHIMAGE_NAME = LaunchImage;
				INFOPLIST_FILE = SmartLayoutSwift/Info.plist;
				LD_RUNPATH_SEARCH_PATHS = "$(inherited) @executable_path/Frameworks";
				PRODUCT_NAME = "$(TARGET_NAME)";
			};
			name = Release;
		};
		B65F0C2D198CF7ED004EDE99 /* Debug */ = {
			isa = XCBuildConfiguration;
			buildSettings = {
				BUNDLE_LOADER = "$(BUILT_PRODUCTS_DIR)/SmartLayoutSwift.app/SmartLayoutSwift";
				FRAMEWORK_SEARCH_PATHS = (
					"$(SDKROOT)/Developer/Library/Frameworks",
					"$(inherited)",
				);
				GCC_PREPROCESSOR_DEFINITIONS = (
					"DEBUG=1",
					"$(inherited)",
				);
				INFOPLIST_FILE = SmartLayoutSwiftTests/Info.plist;
				LD_RUNPATH_SEARCH_PATHS = "$(inherited) @executable_path/Frameworks @loader_path/Frameworks";
				PRODUCT_NAME = "$(TARGET_NAME)";
				TEST_HOST = "$(BUNDLE_LOADER)";
			};
			name = Debug;
		};
		B65F0C2E198CF7ED004EDE99 /* Release */ = {
			isa = XCBuildConfiguration;
			buildSettings = {
				BUNDLE_LOADER = "$(BUILT_PRODUCTS_DIR)/SmartLayoutSwift.app/SmartLayoutSwift";
				FRAMEWORK_SEARCH_PATHS = (
					"$(SDKROOT)/Developer/Library/Frameworks",
					"$(inherited)",
				);
				INFOPLIST_FILE = SmartLayoutSwiftTests/Info.plist;
				LD_RUNPATH_SEARCH_PATHS = "$(inherited) @executable_path/Frameworks @loader_path/Frameworks";
				PRODUCT_NAME = "$(TARGET_NAME)";
				TEST_HOST = "$(BUNDLE_LOADER)";
			};
			name = Release;
		};
/* End XCBuildConfiguration section */

/* Begin XCConfigurationList section */
		B65F0C08198CF7ED004EDE99 /* Build configuration list for PBXProject "SmartLayoutSwift" */ = {
			isa = XCConfigurationList;
			buildConfigurations = (
				B65F0C27198CF7ED004EDE99 /* Debug */,
				B65F0C28198CF7ED004EDE99 /* Release */,
			);
			defaultConfigurationIsVisible = 0;
			defaultConfigurationName = Release;
		};
		B65F0C29198CF7ED004EDE99 /* Build configuration list for PBXNativeTarget "SmartLayoutSwift" */ = {
			isa = XCConfigurationList;
			buildConfigurations = (
				B65F0C2A198CF7ED004EDE99 /* Debug */,
				B65F0C2B198CF7ED004EDE99 /* Release */,
			);
			defaultConfigurationIsVisible = 0;
			defaultConfigurationName = Release;
		};
		B65F0C2C198CF7ED004EDE99 /* Build configuration list for PBXNativeTarget "SmartLayoutSwiftTests" */ = {
			isa = XCConfigurationList;
			buildConfigurations = (
				B65F0C2D198CF7ED004EDE99 /* Debug */,
				B65F0C2E198CF7ED004EDE99 /* Release */,
			);
			defaultConfigurationIsVisible = 0;
			defaultConfigurationName = Release;
		};
/* End XCConfigurationList section */
	};
	rootObject = B65F0C05198CF7ED004EDE99 /* Project object */;
}
